
Microsoft Visual Studio Solution File, Format Version 12.00
# Visual Studio Version 17
VisualStudioVersion = 17.8.34322.80
MinimumVisualStudioVersion = 10.0.40219.1
Project("{9A19103F-16F7-4668-BE54-9A1E7A4F7556}") = "DigitalBankApi", "DigitalBankApi.csproj", "{EDA74638-378B-44A9-A60A-06B195504090}"
EndProject
Project("{FAE04EC0-301F-11D3-BF4B-00C04F79EFBC}") = "DigitalBankApiTesting", "..\DigitalBankApiTesting\DigitalBankApiTesting.csproj", "{F6C6956F-CC70-436B-99C5-5206CBE11229}"
EndProject
Global
	GlobalSection(SolutionConfigurationPlatforms) = preSolution
		Debug|Any CPU = Debug|Any CPU
		Release|Any CPU = Release|Any CPU
	EndGlobalSection
	GlobalSection(ProjectConfigurationPlatforms) = postSolution
		{EDA74638-378B-44A9-A60A-06B195504090}.Debug|Any CPU.ActiveCfg = Debug|Any CPU
		{EDA74638-378B-44A9-A60A-06B195504090}.Debug|Any CPU.Build.0 = Debug|Any CPU
		{EDA74638-378B-44A9-A60A-06B195504090}.Release|Any CPU.ActiveCfg = Release|Any CPU
		{EDA74638-378B-44A9-A60A-06B195504090}.Release|Any CPU.Build.0 = Release|Any CPU
		{F6C6956F-CC70-436B-99C5-5206CBE11229}.Debug|Any CPU.ActiveCfg = Debug|Any CPU
		{F6C6956F-CC70-436B-99C5-5206CBE11229}.Debug|Any CPU.Build.0 = Debug|Any CPU
		{F6C6956F-CC70-436B-99C5-5206CBE11229}.Release|Any CPU.ActiveCfg = Release|Any CPU
		{F6C6956F-CC70-436B-99C5-5206CBE11229}.Release|Any CPU.Build.0 = Release|Any CPU
	EndGlobalSection
	GlobalSection(SolutionProperties) = preSolution
		HideSolutionNode = FALSE
	EndGlobalSection
	GlobalSection(ExtensibilityGlobals) = postSolution
		SolutionGuid = {F3B34B47-0152-4D73-B7EC-29CD47AAB98C}
	EndGlobalSection
EndGlobal
